
Microsoft Visual Studio Solution File, Format Version 12.00
# Visual Studio 15
VisualStudioVersion = 15.0.28307.1209
MinimumVisualStudioVersion = 10.0.40219.1
Project("{9A19103F-16F7-4668-BE54-9A1E7A4F7556}") = "RewardingSystem", "RewardingSystem\RewardingSystem.csproj", "{347C8ECF-97D8-4488-BF4F-E1DE9A2C9BE8}"
EndProject
Project("{FAE04EC0-301F-11D3-BF4B-00C04F79EFBC}") = "RewardingSystem.UnitTests", "RewardingSystem.UnitTests\RewardingSystem.UnitTests.csproj", "{97A0D56F-D685-4ECD-83BF-6F9338E0738B}"
EndProject
Project("{E53339B2-1760-4266-BCC7-CA923CBCF16C}") = "docker-compose", "docker-compose.dcproj", "{41DAA060-67A4-4DB8-A130-D6502DE44FFD}"
EndProject
Global
	GlobalSection(SolutionConfigurationPlatforms) = preSolution
		Debug|Any CPU = Debug|Any CPU
		Release|Any CPU = Release|Any CPU
	EndGlobalSection
	GlobalSection(ProjectConfigurationPlatforms) = postSolution
		{347C8ECF-97D8-4488-BF4F-E1DE9A2C9BE8}.Debug|Any CPU.ActiveCfg = Debug|Any CPU
		{347C8ECF-97D8-4488-BF4F-E1DE9A2C9BE8}.Debug|Any CPU.Build.0 = Debug|Any CPU
		{347C8ECF-97D8-4488-BF4F-E1DE9A2C9BE8}.Release|Any CPU.ActiveCfg = Release|Any CPU
		{347C8ECF-97D8-4488-BF4F-E1DE9A2C9BE8}.Release|Any CPU.Build.0 = Release|Any CPU
		{97A0D56F-D685-4ECD-83BF-6F9338E0738B}.Debug|Any CPU.ActiveCfg = Debug|Any CPU
		{97A0D56F-D685-4ECD-83BF-6F9338E0738B}.Debug|Any CPU.Build.0 = Debug|Any CPU
		{97A0D56F-D685-4ECD-83BF-6F9338E0738B}.Release|Any CPU.ActiveCfg = Release|Any CPU
		{97A0D56F-D685-4ECD-83BF-6F9338E0738B}.Release|Any CPU.Build.0 = Release|Any CPU
		{41DAA060-67A4-4DB8-A130-D6502DE44FFD}.Debug|Any CPU.ActiveCfg = Debug|Any CPU
		{41DAA060-67A4-4DB8-A130-D6502DE44FFD}.Debug|Any CPU.Build.0 = Debug|Any CPU
		{41DAA060-67A4-4DB8-A130-D6502DE44FFD}.Release|Any CPU.ActiveCfg = Release|Any CPU
		{41DAA060-67A4-4DB8-A130-D6502DE44FFD}.Release|Any CPU.Build.0 = Release|Any CPU
	EndGlobalSection
	GlobalSection(SolutionProperties) = preSolution
		HideSolutionNode = FALSE
	EndGlobalSection
	GlobalSection(ExtensibilityGlobals) = postSolution
		SolutionGuid = {D9C62E1B-FE49-475A-9DC6-EAD77663F9ED}
	EndGlobalSection
EndGlobal
